// !$*UTF8*$!
{
	archiveVersion = 1;
	classes = {
	};
	objectVersion = 50;
	objects = {

/* Begin PBXBuildFile section */
		A0A7DFEB239E29FF0008570E /* AppDelegate.swift in Sources */ = {isa = PBXBuildFile; fileRef = A0A7DFEA239E29FF0008570E /* AppDelegate.swift */; };
		A0A7DFED239E29FF0008570E /* SceneDelegate.swift in Sources */ = {isa = PBXBuildFile; fileRef = A0A7DFEC239E29FF0008570E /* SceneDelegate.swift */; };
		A0A7DFEF239E29FF0008570E /* ViewController.swift in Sources */ = {isa = PBXBuildFile; fileRef = A0A7DFEE239E29FF0008570E /* ViewController.swift */; };
		A0A7DFF2239E29FF0008570E /* Main.storyboard in Resources */ = {isa = PBXBuildFile; fileRef = A0A7DFF0239E29FF0008570E /* Main.storyboard */; };
		A0A7DFF4239E2A030008570E /* Assets.xcassets in Resources */ = {isa = PBXBuildFile; fileRef = A0A7DFF3239E2A030008570E /* Assets.xcassets */; };
		A0A7DFF7239E2A030008570E /* LaunchScreen.storyboard in Resources */ = {isa = PBXBuildFile; fileRef = A0A7DFF5239E2A030008570E /* LaunchScreen.storyboard */; };
/* End PBXBuildFile section */

/* Begin PBXFileReference section */
		A0A7DFE7239E29FF0008570E /* DemoUIBezierPath.app */ = {isa = PBXFileReference; explicitFileType = wrapper.application; includeInIndex = 0; path = DemoUIBezierPath.app; sourceTree = BUILT_PRODUCTS_DIR; };
		A0A7DFEA239E29FF0008570E /* AppDelegate.swift */ = {isa = PBXFileReference; lastKnownFileType = sourcecode.swift; path = AppDelegate.swift; sourceTree = "<group>"; };
		A0A7DFEC239E29FF0008570E /* SceneDelegate.swift */ = {isa = PBXFileReference; lastKnownFileType = sourcecode.swift; path = SceneDelegate.swift; sourceTree = "<group>"; };
		A0A7DFEE239E29FF0008570E /* ViewController.swift */ = {isa = PBXFileReference; lastKnownFileType = sourcecode.swift; path = ViewController.swift; sourceTree = "<group>"; };
		A0A7DFF1239E29FF0008570E /* Base */ = {isa = PBXFileReference; lastKnownFileType = file.storyboard; name = Base; path = Base.lproj/Main.storyboard; sourceTree = "<group>"; };
		A0A7DFF3239E2A030008570E /* Assets.xcassets */ = {isa = PBXFileReference; lastKnownFileType = folder.assetcatalog; path = Assets.xcassets; sourceTree = "<group>"; };
		A0A7DFF6239E2A030008570E /* Base */ = {isa = PBXFileReference; lastKnownFileType = file.storyboard; name = Base; path = Base.lproj/LaunchScreen.storyboard; sourceTree = "<group>"; };
		A0A7DFF8239E2A030008570E /* Info.plist */ = {isa = PBXFileReference; lastKnownFileType = text.plist.xml; path = Info.plist; sourceTree = "<group>"; };
/* End PBXFileReference section */

/* Begin PBXFrameworksBuildPhase section */
		A0A7DFE4239E29FE0008570E /* Frameworks */ = {
			isa = PBXFrameworksBuildPhase;
			buildActionMask = 2147483647;
			files = (
			);
			runOnlyForDeploymentPostprocessing = 0;
		};
/* End PBXFrameworksBuildPhase section */

/* Begin PBXGroup section */
		A0A7DFDE239E29FE0008570E = {
			isa = PBXGroup;
			children = (
				A0A7DFE9239E29FF0008570E /* DemoUIBezierPath */,
				A0A7DFE8239E29FF0008570E /* Products */,
			);
			sourceTree = "<group>";
		};
		A0A7DFE8239E29FF0008570E /* Products */ = {
			isa = PBXGroup;
			children = (
				A0A7DFE7239E29FF0008570E /* DemoUIBezierPath.app */,
			);
			name = Products;
			sourceTree = "<group>";
		};
		A0A7DFE9239E29FF0008570E /* DemoUIBezierPath */ = {
			isa = PBXGroup;
			children = (
				A0A7DFEA239E29FF0008570E /* AppDelegate.swift */,
				A0A7DFEC239E29FF0008570E /* SceneDelegate.swift */,
				A0A7DFEE239E29FF0008570E /* ViewController.swift */,
				A0A7DFF0239E29FF0008570E /* Main.storyboard */,
				A0A7DFF3239E2A030008570E /* Assets.xcassets */,
				A0A7DFF5239E2A030008570E /* LaunchScreen.storyboard */,
				A0A7DFF8239E2A030008570E /* Info.plist */,
			);
			path = DemoUIBezierPath;
			sourceTree = "<group>";
		};
/* End PBXGroup section */

/* Begin PBXNativeTarget section */
		A0A7DFE6239E29FE0008570E /* DemoUIBezierPath */ = {
			isa = PBXNativeTarget;
			buildConfigurationList = A0A7DFFB239E2A030008570E /* Build configuration list for PBXNativeTarget "DemoUIBezierPath" */;
			buildPhases = (
				A0A7DFE3239E29FE0008570E /* Sources */,
				A0A7DFE4239E29FE0008570E /* Frameworks */,
				A0A7DFE5239E29FE0008570E /* Resources */,
			);
			buildRules = (
			);
			dependencies = (
			);
			name = DemoUIBezierPath;
			productName = DemoUIBezierPath;
			productReference = A0A7DFE7239E29FF0008570E /* DemoUIBezierPath.app */;
			productType = "com.apple.product-type.application";
		};
/* End PBXNativeTarget section */

/* Begin PBXProject section */
		A0A7DFDF239E29FE0008570E /* Project object */ = {
			isa = PBXProject;
			attributes = {
				LastSwiftUpdateCheck = 1120;
				LastUpgradeCheck = 1120;
				ORGANIZATIONNAME = "Chao Shin";
				TargetAttributes = {
					A0A7DFE6239E29FE0008570E = {
						CreatedOnToolsVersion = 11.2.1;
					};
				};
			};
			buildConfigurationList = A0A7DFE2239E29FE0008570E /* Build configuration list for PBXProject "DemoUIBezierPath" */;
			compatibilityVersion = "Xcode 9.3";
			developmentRegion = en;
			hasScannedForEncodings = 0;
			knownRegions = (
				en,
				Base,
			);
			mainGroup = A0A7DFDE239E29FE0008570E;
			productRefGroup = A0A7DFE8239E29FF0008570E /* Products */;
			projectDirPath = "";
			projectRoot = "";
			targets = (
				A0A7DFE6239E29FE0008570E /* DemoUIBezierPath */,
			);
		};
/* End PBXProject section */

/* Begin PBXResourcesBuildPhase section */
		A0A7DFE5239E29FE0008570E /* Resources */ = {
			isa = PBXResourcesBuildPhase;
			buildActionMask = 2147483647;
			files = (
				A0A7DFF7239E2A030008570E /* LaunchScreen.storyboard in Resources */,
				A0A7DFF4239E2A030008570E /* Assets.xcassets in Resources */,
				A0A7DFF2239E29FF0008570E /* Main.storyboard in Resources */,
			);
			runOnlyForDeploymentPostprocessing = 0;
		};
/* End PBXResourcesBuildPhase section */

/* Begin PBXSourcesBuildPhase section */
		A0A7DFE3239E29FE0008570E /* Sources */ = {
			isa = PBXSourcesBuildPhase;
			buildActionMask = 2147483647;
			files = (
				A0A7DFEF239E29FF0008570E /* ViewController.swift in Sources */,
				A0A7DFEB239E29FF0008570E /* AppDelegate.swift in Sources */,
				A0A7DFED239E29FF0008570E /* SceneDelegate.swift in Sources */,
			);
			runOnlyForDeploymentPostprocessing = 0;
		};
/* End PBXSourcesBuildPhase section */

/* Begin PBXVariantGroup section */
		A0A7DFF0239E29FF0008570E /* Main.storyboard */ = {
			isa = PBXVariantGroup;
			children = (
				A0A7DFF1239E29FF0008570E /* Base */,
			);
			name = Main.storyboard;
			sourceTree = "<group>";
		};
		A0A7DFF5239E2A030008570E /* LaunchScreen.storyboard */ = {
			isa = PBXVariantGroup;
			children = (
				A0A7DFF6239E2A030008570E /* Base */,
			);
			name = LaunchScreen.storyboard;
			sourceTree = "<group>";
		};
/* End PBXVariantGroup section */

/* Begin XCBuildConfiguration section */
		A0A7DFF9239E2A030008570E /* Debug */ = {
			isa = XCBuildConfiguration;
			buildSettings = {
				ALWAYS_SEARCH_USER_PATHS = NO;
				CLANG_ANALYZER_NONNULL = YES;
				CLANG_ANALYZER_NUMBER_OBJECT_CONVERSION = YES_AGGRESSIVE;
				CLANG_CXX_LANGUAGE_STANDARD = "gnu++14";
				CLANG_CXX_LIBRARY = "libc++";
				CLANG_ENABLE_MODULES = YES;
				CLANG_ENABLE_OBJC_ARC = YES;
				CLANG_ENABLE_OBJC_WEAK = YES;
				CLANG_WARN_BLOCK_CAPTURE_AUTORELEASING = YES;
				CLANG_WARN_BOOL_CONVERSION = YES;
				CLANG_WARN_COMMA = YES;
				CLANG_WARN_CONSTANT_CONVERSION = YES;
				CLANG_WARN_DEPRECATED_OBJC_IMPLEMENTATIONS = YES;
				CLANG_WARN_DIRECT_OBJC_ISA_USAGE = YES_ERROR;
				CLANG_WARN_DOCUMENTATION_COMMENTS = YES;
				CLANG_WARN_EMPTY_BODY = YES;
				CLANG_WARN_ENUM_CONVERSION = YES;
				CLANG_WARN_INFINITE_RECURSION = YES;
				CLANG_WARN_INT_CONVERSION = YES;
				CLANG_WARN_NON_LITERAL_NULL_CONVERSION = YES;
				CLANG_WARN_OBJC_IMPLICIT_RETAIN_SELF = YES;
				CLANG_WARN_OBJC_LITERAL_CONVERSION = YES;
				CLANG_WARN_OBJC_ROOT_CLASS = YES_ERROR;
				CLANG_WARN_RANGE_LOOP_ANALYSIS = YES;
				CLANG_WARN_STRICT_PROTOTYPES = YES;
				CLANG_WARN_SUSPICIOUS_MOVE = YES;
				CLANG_WARN_UNGUARDED_AVAILABILITY = YES_AGGRESSIVE;
				CLANG_WARN_UNREACHABLE_CODE = YES;
				CLANG_WARN__DUPLICATE_METHOD_MATCH = YES;
				COPY_PHASE_STRIP = NO;
				DEBUG_INFORMATION_FORMAT = dwarf;
				ENABLE_STRICT_OBJC_MSGSEND = YES;
				ENABLE_TESTABILITY = YES;
				GCC_C_LANGUAGE_STANDARD = gnu11;
				GCC_DYNAMIC_NO_PIC = NO;
				GCC_NO_COMMON_BLOCKS = YES;
				GCC_OPTIMIZATION_LEVEL = 0;
				GCC_PREPROCESSOR_DEFINITIONS = (
					"DEBUG=1",
					"$(inherited)",
				);
				GCC_WARN_64_TO_32_BIT_CONVERSION = YES;
				GCC_WARN_ABOUT_RETURN_TYPE = YES_ERROR;
				GCC_WARN_UNDECLARED_SELECTOR = YES;
				GCC_WARN_UNINITIALIZED_AUTOS = YES_AGGRESSIVE;
				GCC_WARN_UNUSED_FUNCTION = YES;
				GCC_WARN_UNUSED_VARIABLE = YES;
				IPHONEOS_DEPLOYMENT_TARGET = 13.2;
				MTL_ENABLE_DEBUG_INFO = INCLUDE_SOURCE;
				MTL_FAST_MATH = YES;
				ONLY_ACTIVE_ARCH = YES;
				SDKROOT = iphoneos;
				SWIFT_ACTIVE_COMPILATION_CONDITIONS = DEBUG;
				SWIFT_OPTIMIZATION_LEVEL = "-Onone";
			};
			name = Debug;
		};
		A0A7DFFA239E2A030008570E /* Release */ = {
			isa = XCBuildConfiguration;
			buildSettings = {
				ALWAYS_SEARCH_USER_PATHS = NO;
				CLANG_ANALYZER_NONNULL = YES;
				CLANG_ANALYZER_NUMBER_OBJECT_CONVERSION = YES_AGGRESSIVE;
				CLANG_CXX_LANGUAGE_STANDARD = "gnu++14";
				CLANG_CXX_LIBRARY = "libc++";
				CLANG_ENABLE_MODULES = YES;
				CLANG_ENABLE_OBJC_ARC = YES;
				CLANG_ENABLE_OBJC_WEAK = YES;
				CLANG_WARN_BLOCK_CAPTURE_AUTORELEASING = YES;
				CLANG_WARN_BOOL_CONVERSION = YES;
				CLANG_WARN_COMMA = YES;
				CLANG_WARN_CONSTANT_CONVERSION = YES;
				CLANG_WARN_DEPRECATED_OBJC_IMPLEMENTATIONS = YES;
				CLANG_WARN_DIRECT_OBJC_ISA_USAGE = YES_ERROR;
				CLANG_WARN_DOCUMENTATION_COMMENTS = YES;
				CLANG_WARN_EMPTY_BODY = YES;
				CLANG_WARN_ENUM_CONVERSION = YES;
				CLANG_WARN_INFINITE_RECURSION = YES;
				CLANG_WARN_INT_CONVERSION = YES;
				CLANG_WARN_NON_LITERAL_NULL_CONVERSION = YES;
				CLANG_WARN_OBJC_IMPLICIT_RETAIN_SELF = YES;
				CLANG_WARN_OBJC_LITERAL_CONVERSION = YES;
				CLANG_WARN_OBJC_ROOT_CLASS = YES_ERROR;
				CLANG_WARN_RANGE_LOOP_ANALYSIS = YES;
				CLANG_WARN_STRICT_PROTOTYPES = YES;
				CLANG_WARN_SUSPICIOUS_MOVE = YES;
				CLANG_WARN_UNGUARDED_AVAILABILITY = YES_AGGRESSIVE;
				CLANG_WARN_UNREACHABLE_CODE = YES;
				CLANG_WARN__DUPLICATE_METHOD_MATCH = YES;
				COPY_PHASE_STRIP = NO;
				DEBUG_INFORMATION_FORMAT = "dwarf-with-dsym";
				ENABLE_NS_ASSERTIONS = NO;
				ENABLE_STRICT_OBJC_MSGSEND = YES;
				GCC_C_LANGUAGE_STANDARD = gnu11;
				GCC_NO_COMMON_BLOCKS = YES;
				GCC_WARN_64_TO_32_BIT_CONVERSION = YES;
				GCC_WARN_ABOUT_RETURN_TYPE = YES_ERROR;
				GCC_WARN_UNDECLARED_SELECTOR = YES;
				GCC_WARN_UNINITIALIZED_AUTOS = YES_AGGRESSIVE;
				GCC_WARN_UNUSED_FUNCTION = YES;
				GCC_WARN_UNUSED_VARIABLE = YES;
				IPHONEOS_DEPLOYMENT_TARGET = 13.2;
				MTL_ENABLE_DEBUG_INFO = NO;
				MTL_FAST_MATH = YES;
				SDKROOT = iphoneos;
				SWIFT_COMPILATION_MODE = wholemodule;
				SWIFT_OPTIMIZATION_LEVEL = "-O";
				VALIDATE_PRODUCT = YES;
			};
			name = Release;
		};
		A0A7DFFC239E2A030008570E /* Debug */ = {
			isa = XCBuildConfiguration;
			buildSettings = {
				ASSETCATALOG_COMPILER_APPICON_NAME = AppIcon;
				CODE_SIGN_STYLE = Automatic;
				DEVELOPMENT_TEAM = C4GPCCYM3K;
				INFOPLIST_FILE = DemoUIBezierPath/Info.plist;
				LD_RUNPATH_SEARCH_PATHS = (
					"$(inherited)",
					"@executable_path/Frameworks",
				);
				PRODUCT_BUNDLE_IDENTIFIER = com.shin.chao.DemoUIBezierPath;
				PRODUCT_NAME = "$(TARGET_NAME)";
				SWIFT_VERSION = 5.0;
				TARGETED_DEVICE_FAMILY = "1,2";
			};
			name = Debug;
		};
		A0A7DFFD239E2A030008570E /* Release */ = {
			isa = XCBuildConfiguration;
			buildSettings = {
				ASSETCATALOG_COMPILER_APPICON_NAME = AppIcon;
				CODE_SIGN_STYLE = Automatic;
				DEVELOPMENT_TEAM = C4GPCCYM3K;
				INFOPLIST_FILE = DemoUIBezierPath/Info.plist;
				LD_RUNPATH_SEARCH_PATHS = (
					"$(inherited)",
					"@executable_path/Frameworks",
				);
				PRODUCT_BUNDLE_IDENTIFIER = com.shin.chao.DemoUIBezierPath;
				PRODUCT_NAME = "$(TARGET_NAME)";
				SWIFT_VERSION = 5.0;
				TARGETED_DEVICE_FAMILY = "1,2";
			};
			name = Release;
		};
/* End XCBuildConfiguration section */

/* Begin XCConfigurationList section */
		A0A7DFE2239E29FE0008570E /* Build configuration list for PBXProject "DemoUIBezierPath" */ = {
			isa = XCConfigurationList;
			buildConfigurations = (
				A0A7DFF9239E2A030008570E /* Debug */,
				A0A7DFFA239E2A030008570E /* Release */,
			);
			defaultConfigurationIsVisible = 0;
			defaultConfigurationName = Release;
		};
		A0A7DFFB239E2A030008570E /* Build configuration list for PBXNativeTarget "DemoUIBezierPath" */ = {
			isa = XCConfigurationList;
			buildConfigurations = (
				A0A7DFFC239E2A030008570E /* Debug */,
				A0A7DFFD239E2A030008570E /* Release */,
			);
			defaultConfigurationIsVisible = 0;
			defaultConfigurationName = Release;
		};
/* End XCConfigurationList section */
	};
	rootObject = A0A7DFDF239E29FE0008570E /* Project object */;
}
